Microsoft Visual Studio Solution File, Format Version 12.00
# Visual Studio 2012
Project("{FAE04EC0-301F-11D3-BF4B-00C04F79EFBC}") = "Luigis-casino", "Luigis-casino.csproj", "{FC2B378A-89B4-4CC6-91DA-651336D7C4BA}"
EndProject
Global
	GlobalSection(SolutionConfigurationPlatforms) = preSolution
	Debug|Any CPU = Debug|Any CPU
	ExportDebug|Any CPU = ExportDebug|Any CPU
	ExportRelease|Any CPU = ExportRelease|Any CPU
	EndGlobalSection
	GlobalSection(ProjectConfigurationPlatforms) = postSolution
		{FC2B378A-89B4-4CC6-91DA-651336D7C4BA}.Debug|Any CPU.ActiveCfg = Debug|Any CPU
		{FC2B378A-89B4-4CC6-91DA-651336D7C4BA}.Debug|Any CPU.Build.0 = Debug|Any CPU
		{FC2B378A-89B4-4CC6-91DA-651336D7C4BA}.ExportDebug|Any CPU.ActiveCfg = ExportDebug|Any CPU
		{FC2B378A-89B4-4CC6-91DA-651336D7C4BA}.ExportDebug|Any CPU.Build.0 = ExportDebug|Any CPU
		{FC2B378A-89B4-4CC6-91DA-651336D7C4BA}.ExportRelease|Any CPU.ActiveCfg = ExportRelease|Any CPU
		{FC2B378A-89B4-4CC6-91DA-651336D7C4BA}.ExportRelease|Any CPU.Build.0 = ExportRelease|Any CPU
	EndGlobalSection
EndGlobal
